
Microsoft Visual Studio Solution File, Format Version 12.00
# Visual Studio 15
VisualStudioVersion = 15.0.28010.2003
MinimumVisualStudioVersion = 10.0.40219.1
Project("{FAE04EC0-301F-11D3-BF4B-00C04F79EFBC}") = "F28Module", "F28Module\F28Module.csproj", "{7351E442-8E5D-4718-AE2B-3CAECA88CBA3}"
EndProject
Project("{FAE04EC0-301F-11D3-BF4B-00C04F79EFBC}") = "BaseModule", "..\BaseModule-master\BaseModule\BaseModule.csproj", "{02D9A379-75D3-4513-A321-E52244A129A1}"
EndProject
Project("{FAE04EC0-301F-11D3-BF4B-00C04F79EFBC}") = "LeakTester", "..\LeakTester\LeakTester\LeakTester.csproj", "{7E5327AD-72F9-4080-8EDF-CB8604AC9EE2}"
EndProject
Global
	GlobalSection(SolutionConfigurationPlatforms) = preSolution
		Debug|Any CPU = Debug|Any CPU
		Release|Any CPU = Release|Any CPU
	EndGlobalSection
	GlobalSection(ProjectConfigurationPlatforms) = postSolution
		{7351E442-8E5D-4718-AE2B-3CAECA88CBA3}.Debug|Any CPU.ActiveCfg = Debug|Any CPU
		{7351E442-8E5D-4718-AE2B-3CAECA88CBA3}.Debug|Any CPU.Build.0 = Debug|Any CPU
		{7351E442-8E5D-4718-AE2B-3CAECA88CBA3}.Release|Any CPU.ActiveCfg = Release|Any CPU
		{7351E442-8E5D-4718-AE2B-3CAECA88CBA3}.Release|Any CPU.Build.0 = Release|Any CPU
		{02D9A379-75D3-4513-A321-E52244A129A1}.Debug|Any CPU.ActiveCfg = Debug|Any CPU
		{02D9A379-75D3-4513-A321-E52244A129A1}.Debug|Any CPU.Build.0 = Debug|Any CPU
		{02D9A379-75D3-4513-A321-E52244A129A1}.Release|Any CPU.ActiveCfg = Release|Any CPU
		{02D9A379-75D3-4513-A321-E52244A129A1}.Release|Any CPU.Build.0 = Release|Any CPU
		{7E5327AD-72F9-4080-8EDF-CB8604AC9EE2}.Debug|Any CPU.ActiveCfg = Debug|Any CPU
		{7E5327AD-72F9-4080-8EDF-CB8604AC9EE2}.Debug|Any CPU.Build.0 = Debug|Any CPU
		{7E5327AD-72F9-4080-8EDF-CB8604AC9EE2}.Release|Any CPU.ActiveCfg = Release|Any CPU
		{7E5327AD-72F9-4080-8EDF-CB8604AC9EE2}.Release|Any CPU.Build.0 = Release|Any CPU
	EndGlobalSection
	GlobalSection(SolutionProperties) = preSolution
		HideSolutionNode = FALSE
	EndGlobalSection
	GlobalSection(ExtensibilityGlobals) = postSolution
		SolutionGuid = {7AA865FB-5EEB-4819-B0F5-97F0DF907087}
	EndGlobalSection
EndGlobal
